
Microsoft Visual Studio Solution File, Format Version 12.00
# Visual Studio Version 17
VisualStudioVersion = 17.2.32526.322
MinimumVisualStudioVersion = 10.0.40219.1
Project("{778DAE3C-4631-46EA-AA77-85C1314464D9}") = "MyAWSSecrets", "MyAWSSecrets.vbproj", "{E20D5716-62A4-49D9-BE56-16FA6837E6A8}"
EndProject
Project("{54435603-DBB4-11D2-8724-00A0C9A8B90C}") = "MySecretsSetup", "..\MySecretsSetup\MySecretsSetup.vdproj", "{F18F926D-7277-47BB-BC7A-23D8EE30E087}"
EndProject
Global
	GlobalSection(SolutionConfigurationPlatforms) = preSolution
		Debug|Any CPU = Debug|Any CPU
		Release|Any CPU = Release|Any CPU
	EndGlobalSection
	GlobalSection(ProjectConfigurationPlatforms) = postSolution
		{E20D5716-62A4-49D9-BE56-16FA6837E6A8}.Debug|Any CPU.ActiveCfg = Debug|Any CPU
		{E20D5716-62A4-49D9-BE56-16FA6837E6A8}.Debug|Any CPU.Build.0 = Debug|Any CPU
		{E20D5716-62A4-49D9-BE56-16FA6837E6A8}.Release|Any CPU.ActiveCfg = Release|Any CPU
		{E20D5716-62A4-49D9-BE56-16FA6837E6A8}.Release|Any CPU.Build.0 = Release|Any CPU
		{F18F926D-7277-47BB-BC7A-23D8EE30E087}.Debug|Any CPU.ActiveCfg = Debug
		{F18F926D-7277-47BB-BC7A-23D8EE30E087}.Release|Any CPU.ActiveCfg = Release
	EndGlobalSection
	GlobalSection(SolutionProperties) = preSolution
		HideSolutionNode = FALSE
	EndGlobalSection
	GlobalSection(ExtensibilityGlobals) = postSolution
		SolutionGuid = {D2FAFD14-D4CD-463C-88C0-4CF906598FDF}
	EndGlobalSection
EndGlobal
